
Microsoft Visual Studio Solution File, Format Version 12.00
# Visual Studio Version 17
VisualStudioVersion = 17.14.36221.1
MinimumVisualStudioVersion = 10.0.40219.1
Project("{FAE04EC0-301F-11D3-BF4B-00C04F79EFBC}") = "FootBallWeb", "FootBallWeb\FootBallWeb.csproj", "{FB237156-2052-4051-B79F-5D839E16D415}"
EndProject
Global
	GlobalSection(SolutionConfigurationPlatforms) = preSolution
		Debug|Any CPU = Debug|Any CPU
		Release|Any CPU = Release|Any CPU
	EndGlobalSection
	GlobalSection(ProjectConfigurationPlatforms) = postSolution
		{FB237156-2052-4051-B79F-5D839E16D415}.Debug|Any CPU.ActiveCfg = Debug|Any CPU
		{FB237156-2052-4051-B79F-5D839E16D415}.Debug|Any CPU.Build.0 = Debug|Any CPU
		{FB237156-2052-4051-B79F-5D839E16D415}.Release|Any CPU.ActiveCfg = Release|Any CPU
		{FB237156-2052-4051-B79F-5D839E16D415}.Release|Any CPU.Build.0 = Release|Any CPU
	EndGlobalSection
	GlobalSection(SolutionProperties) = preSolution
		HideSolutionNode = FALSE
	EndGlobalSection
	GlobalSection(ExtensibilityGlobals) = postSolution
		SolutionGuid = {113A0E78-2E7A-4D9B-A880-E9475E64E295}
	EndGlobalSection
EndGlobal
